{
  "version": 1,
  "dependencies": {
    "net6.0": {
      "Microsoft.AspNetCore.Authorization": {
        "type": "Direct",
        "requested": "[6.0.4, )",
        "resolved": "6.0.4",
        "contentHash": "ZufyK5u4rneCu7Xq9Dan4XggNANWgGpj4BvHhOof5tIZQgjWTU18oRlg5xtuBDHsfl03BwnxxWgNjN5TO59wEw==",
        "dependencies": {
          "Microsoft.AspNetCore.Metadata": "6.0.4",
          "Microsoft.Extensions.Logging.Abstractions": "6.0.1",
          "Microsoft.Extensions.Options": "6.0.0"
        }
      },
      "Microsoft.AspNetCore.Http.Extensions": {
        "type": "Direct",
        "requested": "[2.2.0, )",
        "resolved": "2.2.0",
        "contentHash": "2DgZ9rWrJtuR7RYiew01nGRzuQBDaGHGmK56Rk54vsLLsCdzuFUPqbDTJCS1qJQWTbmbIQ9wGIOjpxA1t0l7/w==",
        "dependencies": {
          "Microsoft.AspNetCore.Http.Abstractions": "2.2.0",
          "Microsoft.Extensions.FileProviders.Abstractions": "2.2.0",
          "Microsoft.Net.Http.Headers": "2.2.0",
          "System.Buffers": "4.5.0"
        }
      },
      "Microsoft.CodeAnalysis.CSharp": {
        "type": "Direct",
        "requested": "[4.5.0, )",
        "resolved": "4.5.0",
        "contentHash": "cM59oMKAOxvdv76bdmaKPy5hfj+oR+zxikWoueEB7CwTko7mt9sVKZI8Qxlov0C/LuKEG+WQwifepqL3vuTiBQ==",
        "dependencies": {
          "Microsoft.CodeAnalysis.Common": "[4.5.0]"
        }
      },
      "Microsoft.Identity.Web": {
        "type": "Direct",
        "requested": "[2.13.3, )",
        "resolved": "2.13.3",
        "contentHash": "dtWH55j9sGasNKhdG9awtJAa7KUqW2MhjR35K8ssdfaIRidZaq5gDavQFK+br9pa2FUvFjsbN5IMcTOVIHBbeQ==",
        "dependencies": {
          "Microsoft.Extensions.Http": "3.1.3",
          "Microsoft.Identity.Web.Certificate": "2.13.3",
          "Microsoft.Identity.Web.Certificateless": "2.13.3",
          "Microsoft.Identity.Web.TokenAcquisition": "2.13.3",
          "Microsoft.Identity.Web.TokenCache": "2.13.3",
          "Microsoft.IdentityModel.Protocols.OpenIdConnect": "6.32.0",
          "Microsoft.IdentityModel.Validators": "6.32.0",
          "System.Drawing.Common": "4.7.2",
          "System.IdentityModel.Tokens.Jwt": "6.32.0",
          "System.Text.Encodings.Web": "6.0.0"
        }
      },
      "SonarAnalyzer.CSharp": {
        "type": "Direct",
        "requested": "[8.29.0.36737, )",
        "resolved": "8.29.0.36737",
        "contentHash": "8+DtygN/EXzxcxWWoAru379ikvP3RGzW5o7Ek3pFSbL0s4XgJyTmFu9XIsZOs/I7MYilYIG9jJO6Bm/dgYXVzw=="
      },
      "Azure.Core": {
        "type": "Transitive",
        "resolved": "1.6.0",
        "contentHash": "kI4m2NsODPOrxo0OoKjk6B3ADbdovhDQIEmI4039upjjZKRaewVLx/Uz4DfRa/NtnIRZQPUALe1yvdHWAoRt4w==",
        "dependencies": {
          "Microsoft.Bcl.AsyncInterfaces": "1.0.0",
          "System.Buffers": "4.5.0",
          "System.Diagnostics.DiagnosticSource": "4.6.0",
          "System.Memory": "4.5.3",
          "System.Numerics.Vectors": "4.5.0",
          "System.Text.Json": "4.6.0",
          "System.Threading.Tasks.Extensions": "4.5.2"
        }
      },
      "Azure.Identity": {
        "type": "Transitive",
        "resolved": "1.3.0",
        "contentHash": "l1SYfZKOFBuUFG7C2SWHmJcrQQaiXgBdVCycx4vcZQkC6efDVt7mzZ5pfJAFEJDBUq7mjRQ0RPq9ZDGdSswqMg==",
        "dependencies": {
          "Azure.Core": "1.6.0",
          "Microsoft.Identity.Client": "4.22.0",
          "Microsoft.Identity.Client.Extensions.Msal": "2.16.5",
          "System.Memory": "4.5.3",
          "System.Security.Cryptography.ProtectedData": "4.5.0",
          "System.Text.Json": "4.6.0",
          "System.Threading.Tasks.Extensions": "4.5.2"
        }
      },
      "Azure.Security.KeyVault.Certificates": {
        "type": "Transitive",
        "resolved": "4.1.0",
        "contentHash": "I+irkjO1JBzJWYBLhW835/b7GllxkjMbQwrirhxUJsf6FQnH+eIGin4T/jBLgyuu1zPsn2AxiUFju6Shb/uiNA==",
        "dependencies": {
          "Azure.Core": "1.0.2",
          "System.Memory": "4.5.3",
          "System.Text.Json": "4.6.0",
          "System.Threading.Tasks.Extensions": "4.5.2"
        }
      },
      "Azure.Security.KeyVault.Secrets": {
        "type": "Transitive",
        "resolved": "4.1.0",
        "contentHash": "SK4XTPEaXI5UTdtSkr8TN4ZKnvazNHhybnnkxHgOyRAhV9ObcIjbrNlhS4ZeR8XtI+HidL+v/WIIVfR1+jKB8Q==",
        "dependencies": {
          "Azure.Core": "1.0.2",
          "System.Memory": "4.5.3",
          "System.Text.Json": "4.6.0",
          "System.Threading.Tasks.Extensions": "4.5.2"
        }
      },
      "Microsoft.AspNetCore.Authentication.JwtBearer": {
        "type": "Transitive",
        "resolved": "6.0.12",
        "contentHash": "rmuhCPoty7f44XoLwQeGlUw0RzGfDBbb48hMqsodbaYi92KPIZJJjf/f2fu+F80LhLWPiCt6ftcCpG9U0nsWUA==",
        "dependencies": {
          "Microsoft.IdentityModel.Protocols.OpenIdConnect": "6.10.0"
        }
      },
      "Microsoft.AspNetCore.Authentication.OpenIdConnect": {
        "type": "Transitive",
        "resolved": "6.0.12",
        "contentHash": "Ypg8aLyBjEnqwj1sLoX4rQZClfNOiNNEsvwjJCgTsGPNSxeJXWSGCJCigQr7T+4lOMaQPtORayoMVMxIb31hmw==",
        "dependencies": {
          "Microsoft.IdentityModel.Protocols.OpenIdConnect": "6.10.0"
        }
      },
      "Microsoft.AspNetCore.Cryptography.Internal": {
        "type": "Transitive",
        "resolved": "6.0.21",
        "contentHash": "/vj55eQG124Lhh2oT7oOGDkNSrAC2FNoxWt3m0Iygtgb5iExxWd5qxzwcjB4xYUkg2SVW+EZXo82iC0okOvNrg=="
      },
      "Microsoft.AspNetCore.DataProtection": {
        "type": "Transitive",
        "resolved": "6.0.21",
        "contentHash": "esRgrpkmuPcJUKNlHHHsa31+hIqcI3mgMpuG0g3uKw4Kj3HcpuYh9b15cPm3jbWgqN7EEOa1VZVdkN3UoAn9IQ==",
        "dependencies": {
          "Microsoft.AspNetCore.Cryptography.Internal": "6.0.21",
          "Microsoft.AspNetCore.DataProtection.Abstractions": "6.0.21",
          "Microsoft.Extensions.DependencyInjection.Abstractions": "6.0.0",
          "Microsoft.Extensions.Hosting.Abstractions": "6.0.0",
          "Microsoft.Extensions.Logging.Abstractions": "6.0.4",
          "Microsoft.Extensions.Options": "6.0.0",
          "System.Security.Cryptography.Xml": "6.0.1"
        }
      },
      "Microsoft.AspNetCore.DataProtection.Abstractions": {
        "type": "Transitive",
        "resolved": "6.0.21",
        "contentHash": "oHuWbOOuVQWN1UkCD3W95pXhBZ//GdZeZJDActQ9X1u/dZWNzdowE/3w90WIg1560ikPp3ZYMWjeEZgGTQFozg=="
      },
      "Microsoft.AspNetCore.Http.Abstractions": {
        "type": "Transitive",
        "resolved": "2.2.0",
        "contentHash": "Nxs7Z1q3f1STfLYKJSVXCs1iBl+Ya6E8o4Oy1bCxJ/rNI44E/0f6tbsrVqAWfB7jlnJfyaAtIalBVxPKUPQb4Q==",
        "dependencies": {
          "Microsoft.AspNetCore.Http.Features": "2.2.0",
          "System.Text.Encodings.Web": "4.5.0"
        }
      },
      "Microsoft.AspNetCore.Http.Features": {
        "type": "Transitive",
        "resolved": "2.2.0",
        "contentHash": "ziFz5zH8f33En4dX81LW84I6XrYXKf9jg6aM39cM+LffN9KJahViKZ61dGMSO2gd3e+qe5yBRwsesvyqlZaSMg==",
        "dependencies": {
          "Microsoft.Extensions.Primitives": "2.2.0"
        }
      },
      "Microsoft.AspNetCore.Metadata": {
        "type": "Transitive",
        "resolved": "6.0.4",
        "contentHash": "/zyy+N/8155mbDqKCVrXLA4fNQYRbQe6jduA0WnZYMrSfLfrt0/QmQ+KaYGBir9w0xHrWtZ3LY8zAE1RLJYvYw=="
      },
      "Microsoft.Bcl.AsyncInterfaces": {
        "type": "Transitive",
        "resolved": "1.0.0",
        "contentHash": "K63Y4hORbBcKLWH5wnKgzyn7TOfYzevIEwIedQHBIkmkEBA9SCqgvom+XTuE+fAFGvINGkhFItaZ2dvMGdT5iw=="
      },
      "Microsoft.CodeAnalysis.Analyzers": {
        "type": "Transitive",
        "resolved": "3.3.3",
        "contentHash": "j/rOZtLMVJjrfLRlAMckJLPW/1rze9MT1yfWqSIbUPGRu1m1P0fuo9PmqapwsmePfGB5PJrudQLvmUOAMF0DqQ=="
      },
      "Microsoft.CodeAnalysis.Common": {
        "type": "Transitive",
        "resolved": "4.5.0",
        "contentHash": "lwAbIZNdnY0SUNoDmZHkVUwLO8UyNnyyh1t/4XsbFxi4Ounb3xszIYZaWhyj5ZjyfcwqwmtMbE7fUTVCqQEIdQ==",
        "dependencies": {
          "Microsoft.CodeAnalysis.Analyzers": "3.3.3",
          "System.Collections.Immutable": "6.0.0",
          "System.Reflection.Metadata": "6.0.1",
          "System.Runtime.CompilerServices.Unsafe": "6.0.0",
          "System.Text.Encoding.CodePages": "6.0.0"
        }
      },
      "Microsoft.CSharp": {
        "type": "Transitive",
        "resolved": "4.5.0",
        "contentHash": "kaj6Wb4qoMuH3HySFJhxwQfe8R/sJsNJnANrvv8WdFPMoNbKY5htfNscv+LHCu5ipz+49m2e+WQXpLXr9XYemQ=="
      },
      "Microsoft.Extensions.Caching.Abstractions": {
        "type": "Transitive",
        "resolved": "6.0.0",
        "contentHash": "bcz5sSFJbganH0+YrfvIjJDIcKNW7TL07C4d1eTmXy/wOt52iz4LVogJb6pazs7W0+74j0YpXFErvp++Aq5Bsw==",
        "dependencies": {
          "Microsoft.Extensions.Primitives": "6.0.0"
        }
      },
      "Microsoft.Extensions.Caching.Memory": {
        "type": "Transitive",
        "resolved": "6.0.1",
        "contentHash": "B4y+Cev05eMcjf1na0v9gza6GUtahXbtY1JCypIgx3B4Ea/KAgsWyXEmW4q6zMbmTMtKzmPVk09rvFJirvMwTg==",
        "dependencies": {
          "Microsoft.Extensions.Caching.Abstractions": "6.0.0",
          "Microsoft.Extensions.DependencyInjection.Abstractions": "6.0.0",
          "Microsoft.Extensions.Logging.Abstractions": "6.0.0",
          "Microsoft.Extensions.Options": "6.0.0",
          "Microsoft.Extensions.Primitives": "6.0.0"
        }
      },
      "Microsoft.Extensions.Configuration.Abstractions": {
        "type": "Transitive",
        "resolved": "6.0.0",
        "contentHash": "qWzV9o+ZRWq+pGm+1dF+R7qTgTYoXvbyowRoBxQJGfqTpqDun2eteerjRQhq5PQ/14S+lqto3Ft4gYaRyl4rdQ==",
        "dependencies": {
          "Microsoft.Extensions.Primitives": "6.0.0"
        }
      },
      "Microsoft.Extensions.Configuration.Binder": {
        "type": "Transitive",
        "resolved": "6.0.0",
        "contentHash": "b3ErKzND8LIC7o08QAVlKfaEIYEvLJbtmVbFZVBRXeu9YkKfSSzLZfR1SUfQPBIy9mKLhEtJgGYImkcMNaKE0A==",
        "dependencies": {
          "Microsoft.Extensions.Configuration.Abstractions": "6.0.0"
        }
      },
      "Microsoft.Extensions.DependencyInjection": {
        "type": "Transitive",
        "resolved": "6.0.0",
        "contentHash": "k6PWQMuoBDGGHOQTtyois2u4AwyVcIwL2LaSLlTZQm2CYcJ1pxbt6jfAnpWmzENA/wfrYRI/X9DTLoUkE4AsLw==",
        "dependencies": {
          "Microsoft.Extensions.DependencyInjection.Abstractions": "6.0.0",
          "System.Runtime.CompilerServices.Unsafe": "6.0.0"
        }
      },
      "Microsoft.Extensions.DependencyInjection.Abstractions": {
        "type": "Transitive",
        "resolved": "6.0.0",
        "contentHash": "xlzi2IYREJH3/m6+lUrQlujzX8wDitm4QGnUu6kUXTQAWPuZY8i+ticFJbzfqaetLA6KR/rO6Ew/HuYD+bxifg=="
      },
      "Microsoft.Extensions.FileProviders.Abstractions": {
        "type": "Transitive",
        "resolved": "6.0.0",
        "contentHash": "0pd4/fho0gC12rQswaGQxbU34jOS1TPS8lZPpkFCH68ppQjHNHYle9iRuHeev1LhrJ94YPvzcRd8UmIuFk23Qw==",
        "dependencies": {
          "Microsoft.Extensions.Primitives": "6.0.0"
        }
      },
      "Microsoft.Extensions.Hosting.Abstractions": {
        "type": "Transitive",
        "resolved": "6.0.0",
        "contentHash": "GcT5l2CYXL6Sa27KCSh0TixsRfADUgth+ojQSD5EkzisZxmGFh7CwzkcYuGwvmXLjr27uWRNrJ2vuuEjMhU05Q==",
        "dependencies": {
          "Microsoft.Extensions.Configuration.Abstractions": "6.0.0",
          "Microsoft.Extensions.DependencyInjection.Abstractions": "6.0.0",
          "Microsoft.Extensions.FileProviders.Abstractions": "6.0.0"
        }
      },
      "Microsoft.Extensions.Http": {
        "type": "Transitive",
        "resolved": "3.1.3",
        "contentHash": "QV5ODk9CFm+//AsZQSm8sH33Li1a19PTy44Ln+FCd7YnNRcxxXgZGNCdQtJpKFBpaLjfdfaGUfqWWq3LID1GdA==",
        "dependencies": {
          "Microsoft.Extensions.DependencyInjection.Abstractions": "3.1.3",
          "Microsoft.Extensions.Logging": "3.1.3",
          "Microsoft.Extensions.Options": "3.1.3"
        }
      },
      "Microsoft.Extensions.Logging": {
        "type": "Transitive",
        "resolved": "6.0.0",
        "contentHash": "eIbyj40QDg1NDz0HBW0S5f3wrLVnKWnDJ/JtZ+yJDFnDj90VoPuoPmFkeaXrtu+0cKm5GRAwoDf+dBWXK0TUdg==",
        "dependencies": {
          "Microsoft.Extensions.DependencyInjection": "6.0.0",
          "Microsoft.Extensions.DependencyInjection.Abstractions": "6.0.0",
          "Microsoft.Extensions.Logging.Abstractions": "6.0.0",
          "Microsoft.Extensions.Options": "6.0.0",
          "System.Diagnostics.DiagnosticSource": "6.0.0"
        }
      },
      "Microsoft.Extensions.Logging.Abstractions": {
        "type": "Transitive",
        "resolved": "6.0.4",
        "contentHash": "K14wYgwOfKVELrUh5eBqlC8Wvo9vvhS3ZhIvcswV2uS/ubkTRPSQsN557EZiYUSSoZNxizG+alN4wjtdyLdcyw=="
      },
      "Microsoft.Extensions.Options": {
        "type": "Transitive",
        "resolved": "6.0.0",
        "contentHash": "dzXN0+V1AyjOe2xcJ86Qbo233KHuLEY0njf/P2Kw8SfJU+d45HNS2ctJdnEnrWbM9Ye2eFgaC5Mj9otRMU6IsQ==",
        "dependencies": {
          "Microsoft.Extensions.DependencyInjection.Abstractions": "6.0.0",
          "Microsoft.Extensions.Primitives": "6.0.0"
        }
      },
      "Microsoft.Extensions.Options.ConfigurationExtensions": {
        "type": "Transitive",
        "resolved": "6.0.0",
        "contentHash": "bXWINbTn0vC0FYc9GaQTISbxhQLAMrvtbuvD9N6JelEaIS/Pr62wUCinrq5bf1WRBGczt1v4wDhxFtVFNcMdUQ==",
        "dependencies": {
          "Microsoft.Extensions.Configuration.Abstractions": "6.0.0",
          "Microsoft.Extensions.Configuration.Binder": "6.0.0",
          "Microsoft.Extensions.DependencyInjection.Abstractions": "6.0.0",
          "Microsoft.Extensions.Options": "6.0.0",
          "Microsoft.Extensions.Primitives": "6.0.0"
        }
      },
      "Microsoft.Extensions.Primitives": {
        "type": "Transitive",
        "resolved": "6.0.0",
        "contentHash": "9+PnzmQFfEFNR9J2aDTfJGGupShHjOuGw4VUv+JB044biSHrnmCIMD+mJHmb2H7YryrfBEXDurxQ47gJZdCKNQ==",
        "dependencies": {
          "System.Runtime.CompilerServices.Unsafe": "6.0.0"
        }
      },
      "Microsoft.Identity.Abstractions": {
        "type": "Transitive",
        "resolved": "4.0.0",
        "contentHash": "hw2Ur9h1/1rX3ZYOyKWwmkO3XLVRl+pm/IFFySHQwyfdAWxAs5J42H/avS2nkZ0AZgjwCIon5Ib+mzdJ6bhKYg=="
      },
      "Microsoft.Identity.Client": {
        "type": "Transitive",
        "resolved": "4.55.0",
        "contentHash": "yjX1mbDvQ0Q1Zfa3REcv21B8Tz8RHTw6yYdDfV282VJwBbQE9CeLEurVbeR6DwjMIq4+/Gegp6Ll82zaWisCwg==",
        "dependencies": {
          "Microsoft.IdentityModel.Abstractions": "6.22.0"
        }
      },
      "Microsoft.Identity.Client.Extensions.Msal": {
        "type": "Transitive",
        "resolved": "2.16.5",
        "contentHash": "VlGUZEpF8KP/GCfFI59sdE0WA0o9quqwM1YQY0dSp6jpGy5EOBkureaybLfpwCuYUUjQbLkN2p7neUIcQCfbzA==",
        "dependencies": {
          "Microsoft.Identity.Client": "4.22.0",
          "System.Security.Cryptography.ProtectedData": "4.5.0"
        }
      },
      "Microsoft.Identity.Web.Certificate": {
        "type": "Transitive",
        "resolved": "2.13.3",
        "contentHash": "+a70TtgqDLxFH+lT3e1K+liHmHOPZRsbWVcQM3CyX4PQSqyny5yB4ahSltC4Ljrsn6jwsigqxf207L65S4spHw==",
        "dependencies": {
          "Azure.Identity": "1.3.0",
          "Azure.Security.KeyVault.Certificates": "4.1.0",
          "Azure.Security.KeyVault.Secrets": "4.1.0",
          "Microsoft.Identity.Abstractions": "4.0.0",
          "Microsoft.Identity.Web.Certificateless": "2.13.3",
          "Microsoft.Identity.Web.Diagnostics": "2.13.3",
          "System.Text.Encodings.Web": "6.0.0"
        }
      },
      "Microsoft.Identity.Web.Certificateless": {
        "type": "Transitive",
        "resolved": "2.13.3",
        "contentHash": "MtRd82q+tG5EgRHRyPtxLec+SOTmvL+NbOmq+b62iOTVr5W4AZy/gzObTL3TAFJb9gdCEmq83Z8032UQ6cGj6A==",
        "dependencies": {
          "Azure.Identity": "1.3.0",
          "Microsoft.Extensions.Logging.Abstractions": "2.1.0",
          "Microsoft.IdentityModel.JsonWebTokens": "6.32.0",
          "System.Text.Encodings.Web": "4.7.2"
        }
      },
      "Microsoft.Identity.Web.Diagnostics": {
        "type": "Transitive",
        "resolved": "2.13.3",
        "contentHash": "1S3pngCEmzWjURvUnjPlIPzTxM7eqvtncb7EjzB67+J2Njxg7r/iSCRJDOFrt5T/r+0s1gG8O5w9HLwSTMsOtA=="
      },
      "Microsoft.Identity.Web.TokenAcquisition": {
        "type": "Transitive",
        "resolved": "2.13.3",
        "contentHash": "U57PBVE9+2aw2AuUKqJ+90PM+MdUR6dveq9gGok9AuY5DpuUOeQ+BUwJMb0uGY0mFQFqSZ5ZfMUsFE+di3fBZQ==",
        "dependencies": {
          "Microsoft.AspNetCore.Authentication.JwtBearer": "6.0.12",
          "Microsoft.AspNetCore.Authentication.OpenIdConnect": "6.0.12",
          "Microsoft.Extensions.Http": "3.1.3",
          "Microsoft.Extensions.Options.ConfigurationExtensions": "6.0.0",
          "Microsoft.Identity.Abstractions": "4.0.0",
          "Microsoft.Identity.Web.Certificate": "2.13.3",
          "Microsoft.Identity.Web.Certificateless": "2.13.3",
          "Microsoft.Identity.Web.TokenCache": "2.13.3",
          "Microsoft.IdentityModel.Logging": "6.32.0",
          "Microsoft.IdentityModel.LoggingExtensions": "6.32.0",
          "Microsoft.IdentityModel.Protocols.OpenIdConnect": "6.32.0",
          "System.IdentityModel.Tokens.Jwt": "6.32.0",
          "System.Text.Encodings.Web": "6.0.0"
        }
      },
      "Microsoft.Identity.Web.TokenCache": {
        "type": "Transitive",
        "resolved": "2.13.3",
        "contentHash": "KwzfNus23ZGwhHcutM7EOZNcapu5EeR50wUic/sXjDOg+2twa8/4iLIE4RdTBKcPuUmeOq2o7RBfAMEcOR0HRA==",
        "dependencies": {
          "Microsoft.AspNetCore.DataProtection": "6.0.21",
          "Microsoft.Extensions.Caching.Memory": "6.0.1",
          "Microsoft.Extensions.Logging": "6.0.0",
          "Microsoft.Identity.Client": "4.55.0",
          "Microsoft.Identity.Web.Diagnostics": "2.13.3",
          "System.Drawing.Common": "4.7.2",
          "System.Security.Cryptography.Pkcs": "6.0.3",
          "System.Security.Cryptography.Xml": "6.0.1",
          "System.Text.Encodings.Web": "6.0.0"
        }
      },
      "Microsoft.IdentityModel.Abstractions": {
        "type": "Transitive",
        "resolved": "6.32.0",
        "contentHash": "um663JITPLjIEXtSDdKfqUzukOR4fnzAdx9FyO9maQ8WSl0Ds4doe6uu45DpzUciPCOujdkUX524AKkI2krtHw=="
      },
      "Microsoft.IdentityModel.JsonWebTokens": {
        "type": "Transitive",
        "resolved": "6.32.0",
        "contentHash": "KhsKejXFKbMFe3aw/2yHvOz2Go5MS1PmdcUL/Ydg9I4vak9qG5zxLcWzlns9HcFFeSlvdu/xyeW+wB5v/4lEUQ==",
        "dependencies": {
          "Microsoft.IdentityModel.Tokens": "6.32.0",
          "System.Text.Encoding": "4.3.0",
          "System.Text.Encodings.Web": "4.7.2",
          "System.Text.Json": "4.7.2"
        }
      },
      "Microsoft.IdentityModel.Logging": {
        "type": "Transitive",
        "resolved": "6.32.0",
        "contentHash": "+hHJNxVh7ZINcXcUoR7lnLA5GuOfrdTe8YFUoS8Ph9mkZKgkthNLmajLK+LOXaGwbXN4csHOBW7HSAS8z++o6A==",
        "dependencies": {
          "Microsoft.IdentityModel.Abstractions": "6.32.0"
        }
      },
      "Microsoft.IdentityModel.LoggingExtensions": {
        "type": "Transitive",
        "resolved": "6.32.0",
        "contentHash": "HdArLDsUd9ddNFKo7FA2K5BhYvT8s2ibIJxAq9V3REz88LITSOVzvFA/QOgpH9al59QfXteQG+Gsyil2gep/XA==",
        "dependencies": {
          "Microsoft.Extensions.Logging.Abstractions": "2.1.1",
          "Microsoft.IdentityModel.Abstractions": "6.32.0"
        }
      },
      "Microsoft.IdentityModel.Protocols": {
        "type": "Transitive",
        "resolved": "6.32.0",
        "contentHash": "rHNZ0AWlIJb/rJWaD6/7m9UYAb+TXZRcZ5QPqvBxRz7HfovQAyPO1MNZAE6ex8Q4RuthqQVVMD8CyKfRAop/wQ==",
        "dependencies": {
          "Microsoft.IdentityModel.Logging": "6.32.0",
          "Microsoft.IdentityModel.Tokens": "6.32.0"
        }
      },
      "Microsoft.IdentityModel.Protocols.OpenIdConnect": {
        "type": "Transitive",
        "resolved": "6.32.0",
        "contentHash": "yxluF9Yghwjrp2N1kcnZpkbJJyIFWF6RYF2SPQJBsItE9sKaFAypGHZ2EK9YcdewDHj+5+iP6IGzlQF9HlWKeQ==",
        "dependencies": {
          "Microsoft.IdentityModel.Protocols": "6.32.0",
          "System.IdentityModel.Tokens.Jwt": "6.32.0"
        }
      },
      "Microsoft.IdentityModel.Tokens": {
        "type": "Transitive",
        "resolved": "6.32.0",
        "contentHash": "+5/SF2KhDmudpANOKf9LhKoljV05053KAxlp7ITEoTtgMomWcfSwliMooG6IzwAuP4jlOD/f86/YSXCmdjqodQ==",
        "dependencies": {
          "Microsoft.CSharp": "4.5.0",
          "Microsoft.IdentityModel.Logging": "6.32.0",
          "System.Security.Cryptography.Cng": "4.5.0"
        }
      },
      "Microsoft.IdentityModel.Validators": {
        "type": "Transitive",
        "resolved": "6.32.0",
        "contentHash": "MSKEMxjgeUZbuUQfT0+V3pS3sInBHe/X6mGTQVE7YYd4R0OkCSjRQ2FBIWPfmw1Fng859gkH16QtoCYCuwyXow==",
        "dependencies": {
          "Microsoft.IdentityModel.Protocols": "6.32.0",
          "Microsoft.IdentityModel.Protocols.OpenIdConnect": "6.32.0",
          "Microsoft.IdentityModel.Tokens": "6.32.0",
          "System.IdentityModel.Tokens.Jwt": "6.32.0"
        }
      },
      "Microsoft.Net.Http.Headers": {
        "type": "Transitive",
        "resolved": "2.2.0",
        "contentHash": "iZNkjYqlo8sIOI0bQfpsSoMTmB/kyvmV2h225ihyZT33aTp48ZpF6qYnXxzSXmHt8DpBAwBTX+1s1UFLbYfZKg==",
        "dependencies": {
          "Microsoft.Extensions.Primitives": "2.2.0",
          "System.Buffers": "4.5.0"
        }
      },
      "Microsoft.NETCore.Platforms": {
        "type": "Transitive",
        "resolved": "3.1.4",
        "contentHash": "9/y05/CuxE+j184Nr4KihhB9KcUkvGojmD4JV4Vt/mHhVZR+eOCD5WCM+CXye9K0OFMsaPXbN+IcaIpjgBGZmg=="
      },
      "Microsoft.NETCore.Targets": {
        "type": "Transitive",
        "resolved": "1.1.0",
        "contentHash": "aOZA3BWfz9RXjpzt0sRJJMjAscAUm3Hoa4UWAfceV9UTYxgwZ1lZt5nO2myFf+/jetYQo4uTP7zS8sJY67BBxg=="
      },
      "Microsoft.Win32.SystemEvents": {
        "type": "Transitive",
        "resolved": "4.7.0",
        "contentHash": "mtVirZr++rq+XCDITMUdnETD59XoeMxSpLRIII7JRI6Yj0LEDiO1pPn0ktlnIj12Ix8bfvQqQDMMIF9wC98oCA==",
        "dependencies": {
          "Microsoft.NETCore.Platforms": "3.1.0"
        }
      },
      "System.Buffers": {
        "type": "Transitive",
        "resolved": "4.5.0",
        "contentHash": "pL2ChpaRRWI/p4LXyy4RgeWlYF2sgfj/pnVMvBqwNFr5cXg7CXNnWZWxrOONLg8VGdFB8oB+EG2Qw4MLgTOe+A=="
      },
      "System.Collections.Immutable": {
        "type": "Transitive",
        "resolved": "6.0.0",
        "contentHash": "l4zZJ1WU2hqpQQHXz1rvC3etVZN+2DLmQMO79FhOTZHMn8tDRr+WU287sbomD0BETlmKDn0ygUgVy9k5xkkJdA==",
        "dependencies": {
          "System.Runtime.CompilerServices.Unsafe": "6.0.0"
        }
      },
      "System.Diagnostics.DiagnosticSource": {
        "type": "Transitive",
        "resolved": "6.0.0",
        "contentHash": "frQDfv0rl209cKm1lnwTgFPzNigy2EKk1BS3uAvHvlBVKe5cymGyHO+Sj+NLv5VF/AhHsqPIUUwya5oV4CHMUw==",
        "dependencies": {
          "System.Runtime.CompilerServices.Unsafe": "6.0.0"
        }
      },
      "System.Drawing.Common": {
        "type": "Transitive",
        "resolved": "4.7.2",
        "contentHash": "I2y4KBK3VCvU/WqE2xv7NjQ67maXHttkFSHYKgU2evrG9Yqh0oFjfORXt5hZTk+BVjdyFo2h0/YQZsca33BGmg==",
        "dependencies": {
          "Microsoft.NETCore.Platforms": "3.1.4",
          "Microsoft.Win32.SystemEvents": "4.7.0"
        }
      },
      "System.Formats.Asn1": {
        "type": "Transitive",
        "resolved": "6.0.0",
        "contentHash": "T6fD00dQ3NTbPDy31m4eQUwKW84s03z0N2C8HpOklyeaDgaJPa/TexP4/SkORMSOwc7WhKifnA6Ya33AkzmafA=="
      },
      "System.IdentityModel.Tokens.Jwt": {
        "type": "Transitive",
        "resolved": "6.32.0",
        "contentHash": "SgegM/R/pugCrR9qmDSK9amFl8lazRZG1a1nI4qSpZ2gJBlqqrPM+U9DgHdBb5cMvPmjiRo69HAaCI/5JqFQIw==",
        "dependencies": {
          "Microsoft.IdentityModel.JsonWebTokens": "6.32.0",
          "Microsoft.IdentityModel.Tokens": "6.32.0"
        }
      },
      "System.Memory": {
        "type": "Transitive",
        "resolved": "4.5.3",
        "contentHash": "3oDzvc/zzetpTKWMShs1AADwZjQ/36HnsufHRPcOjyRAAMLDlu2iD33MBI2opxnezcVUtXyqDXXjoFMOU9c7SA=="
      },
      "System.Numerics.Vectors": {
        "type": "Transitive",
        "resolved": "4.5.0",
        "contentHash": "QQTlPTl06J/iiDbJCiepZ4H//BVraReU4O4EoRw1U02H5TLUIT7xn3GnDp9AXPSlJUDyFs4uWjWafNX6WrAojQ=="
      },
      "System.Reflection.Metadata": {
        "type": "Transitive",
        "resolved": "6.0.1",
        "contentHash": "III/lNMSn0ZRBuM9m5Cgbiho5j81u0FAEagFX5ta2DKbljZ3T0IpD8j+BIiHQPeKqJppWS9bGEp6JnKnWKze0g==",
        "dependencies": {
          "System.Collections.Immutable": "6.0.0"
        }
      },
      "System.Runtime": {
        "type": "Transitive",
        "resolved": "4.3.0",
        "contentHash": "JufQi0vPQ0xGnAczR13AUFglDyVYt4Kqnz1AZaiKZ5+GICq0/1MH/mO/eAJHt/mHW1zjKBJd7kV26SrxddAhiw==",
        "dependencies": {
          "Microsoft.NETCore.Platforms": "1.1.0",
          "Microsoft.NETCore.Targets": "1.1.0"
        }
      },
      "System.Runtime.CompilerServices.Unsafe": {
        "type": "Transitive",
        "resolved": "6.0.0",
        "contentHash": "/iUeP3tq1S0XdNNoMz5C9twLSrM/TH+qElHkXWaPvuNOt+99G75NrV0OS2EqHx5wMN7popYjpc8oTjC1y16DLg=="
      },
      "System.Security.AccessControl": {
        "type": "Transitive",
        "resolved": "6.0.0",
        "contentHash": "AUADIc0LIEQe7MzC+I0cl0rAT8RrTAKFHl53yHjEUzNVIaUlhFY11vc2ebiVJzVBuOzun6F7FBA+8KAbGTTedQ=="
      },
      "System.Security.Cryptography.Cng": {
        "type": "Transitive",
        "resolved": "4.5.0",
        "contentHash": "WG3r7EyjUe9CMPFSs6bty5doUqT+q9pbI80hlNzo2SkPkZ4VTuZkGWjpp77JB8+uaL4DFPRdBsAY+DX3dBK92A=="
      },
      "System.Security.Cryptography.Pkcs": {
        "type": "Transitive",
        "resolved": "6.0.3",
        "contentHash": "18UT1BdZ4TYFBHk/wuq7JzCdE3X75z81X+C2rXqIlmEnC21Pm60spGV/dKQSzbyomstqYE33EuN5hfnC86VFxA==",
        "dependencies": {
          "System.Formats.Asn1": "6.0.0"
        }
      },
      "System.Security.Cryptography.ProtectedData": {
        "type": "Transitive",
        "resolved": "4.5.0",
        "contentHash": "wLBKzFnDCxP12VL9ANydSYhk59fC4cvOr9ypYQLPnAj48NQIhqnjdD2yhP8yEKyBJEjERWS9DisKL7rX5eU25Q=="
      },
      "System.Security.Cryptography.Xml": {
        "type": "Transitive",
        "resolved": "6.0.1",
        "contentHash": "5e5bI28T0x73AwTsbuFP4qSRzthmU2C0Gqgg3AZ3KTxmSyA+Uhk31puA3srdaeWaacVnHhLdJywCzqOiEpbO/w==",
        "dependencies": {
          "System.Security.AccessControl": "6.0.0",
          "System.Security.Cryptography.Pkcs": "6.0.1"
        }
      },
      "System.Text.Encoding": {
        "type": "Transitive",
        "resolved": "4.3.0",
        "contentHash": "BiIg+KWaSDOITze6jGQynxg64naAPtqGHBwDrLaCtixsa5bKiR8dpPOHA7ge3C0JJQizJE+sfkz1wV+BAKAYZw==",
        "dependencies": {
          "Microsoft.NETCore.Platforms": "1.1.0",
          "Microsoft.NETCore.Targets": "1.1.0",
          "System.Runtime": "4.3.0"
        }
      },
      "System.Text.Encoding.CodePages": {
        "type": "Transitive",
        "resolved": "6.0.0",
        "contentHash": "ZFCILZuOvtKPauZ/j/swhvw68ZRi9ATCfvGbk1QfydmcXBkIWecWKn/250UH7rahZ5OoDBaiAudJtPvLwzw85A==",
        "dependencies": {
          "System.Runtime.CompilerServices.Unsafe": "6.0.0"
        }
      },
      "System.Text.Encodings.Web": {
        "type": "Transitive",
        "resolved": "6.0.0",
        "contentHash": "Vg8eB5Tawm1IFqj4TVK1czJX89rhFxJo9ELqc/Eiq0eXy13RK00eubyU6TJE6y+GQXjyV5gSfiewDUZjQgSE0w==",
        "dependencies": {
          "System.Runtime.CompilerServices.Unsafe": "6.0.0"
        }
      },
      "System.Text.Json": {
        "type": "Transitive",
        "resolved": "4.7.2",
        "contentHash": "TcMd95wcrubm9nHvJEQs70rC0H/8omiSGGpU4FQ/ZA1URIqD4pjmFJh2Mfv1yH1eHgJDWTi2hMDXwTET+zOOyg=="
      },
      "System.Threading.Tasks.Extensions": {
        "type": "Transitive",
        "resolved": "4.5.2",
        "contentHash": "BG/TNxDFv0svAzx8OiMXDlsHfGw623BZ8tCXw4YLhDFDvDhNUEV58jKYMGRnkbJNm7c3JNNJDiN7JBMzxRBR2w=="
      }
    }
  }
}